// !$*UTF8*$!
{
	archiveVersion = 1;
	classes = {
	};
	objectVersion = 50;
	objects = {

/* Begin PBXBuildFile section */
		58EAEE3A2672CE2B00C56A9A /* AppDelegate.swift in Sources */ = {isa = PBXBuildFile; fileRef = 58EAEE392672CE2B00C56A9A /* AppDelegate.swift */; };
		58EAEE3C2672CE2B00C56A9A /* SceneDelegate.swift in Sources */ = {isa = PBXBuildFile; fileRef = 58EAEE3B2672CE2B00C56A9A /* SceneDelegate.swift */; };
		58EAEE3E2672CE2B00C56A9A /* ViewController.swift in Sources */ = {isa = PBXBuildFile; fileRef = 58EAEE3D2672CE2B00C56A9A /* ViewController.swift */; };
		58EAEE412672CE2B00C56A9A /* Main.storyboard in Resources */ = {isa = PBXBuildFile; fileRef = 58EAEE3F2672CE2B00C56A9A /* Main.storyboard */; };
		58EAEE432672CE2C00C56A9A /* Assets.xcassets in Resources */ = {isa = PBXBuildFile; fileRef = 58EAEE422672CE2C00C56A9A /* Assets.xcassets */; };
		58EAEE462672CE2C00C56A9A /* LaunchScreen.storyboard in Resources */ = {isa = PBXBuildFile; fileRef = 58EAEE442672CE2C00C56A9A /* LaunchScreen.storyboard */; };
/* End PBXBuildFile section */

/* Begin PBXFileReference section */
		58EAEE362672CE2B00C56A9A /* usingCharts.app */ = {isa = PBXFileReference; explicitFileType = wrapper.application; includeInIndex = 0; path = usingCharts.app; sourceTree = BUILT_PRODUCTS_DIR; };
		58EAEE392672CE2B00C56A9A /* AppDelegate.swift */ = {isa = PBXFileReference; lastKnownFileType = sourcecode.swift; path = AppDelegate.swift; sourceTree = "<group>"; };
		58EAEE3B2672CE2B00C56A9A /* SceneDelegate.swift */ = {isa = PBXFileReference; lastKnownFileType = sourcecode.swift; path = SceneDelegate.swift; sourceTree = "<group>"; };
		58EAEE3D2672CE2B00C56A9A /* ViewController.swift */ = {isa = PBXFileReference; lastKnownFileType = sourcecode.swift; path = ViewController.swift; sourceTree = "<group>"; };
		58EAEE402672CE2B00C56A9A /* Base */ = {isa = PBXFileReference; lastKnownFileType = file.storyboard; name = Base; path = Base.lproj/Main.storyboard; sourceTree = "<group>"; };
		58EAEE422672CE2C00C56A9A /* Assets.xcassets */ = {isa = PBXFileReference; lastKnownFileType = folder.assetcatalog; path = Assets.xcassets; sourceTree = "<group>"; };
		58EAEE452672CE2C00C56A9A /* Base */ = {isa = PBXFileReference; lastKnownFileType = file.storyboard; name = Base; path = Base.lproj/LaunchScreen.storyboard; sourceTree = "<group>"; };
		58EAEE472672CE2C00C56A9A /* Info.plist */ = {isa = PBXFileReference; lastKnownFileType = text.plist.xml; path = Info.plist; sourceTree = "<group>"; };
/* End PBXFileReference section */

/* Begin PBXFrameworksBuildPhase section */
		58EAEE332672CE2B00C56A9A /* Frameworks */ = {
			isa = PBXFrameworksBuildPhase;
			buildActionMask = 2147483647;
			files = (
			);
			runOnlyForDeploymentPostprocessing = 0;
		};
/* End PBXFrameworksBuildPhase section */

/* Begin PBXGroup section */
		58EAEE2D2672CE2B00C56A9A = {
			isa = PBXGroup;
			children = (
				58EAEE382672CE2B00C56A9A /* usingCharts */,
				58EAEE372672CE2B00C56A9A /* Products */,
			);
			sourceTree = "<group>";
		};
		58EAEE372672CE2B00C56A9A /* Products */ = {
			isa = PBXGroup;
			children = (
				58EAEE362672CE2B00C56A9A /* usingCharts.app */,
			);
			name = Products;
			sourceTree = "<group>";
		};
		58EAEE382672CE2B00C56A9A /* usingCharts */ = {
			isa = PBXGroup;
			children = (
				58EAEE392672CE2B00C56A9A /* AppDelegate.swift */,
				58EAEE3B2672CE2B00C56A9A /* SceneDelegate.swift */,
				58EAEE3D2672CE2B00C56A9A /* ViewController.swift */,
				58EAEE3F2672CE2B00C56A9A /* Main.storyboard */,
				58EAEE422672CE2C00C56A9A /* Assets.xcassets */,
				58EAEE442672CE2C00C56A9A /* LaunchScreen.storyboard */,
				58EAEE472672CE2C00C56A9A /* Info.plist */,
			);
			path = usingCharts;
			sourceTree = "<group>";
		};
/* End PBXGroup section */

/* Begin PBXNativeTarget section */
		58EAEE352672CE2B00C56A9A /* usingCharts */ = {
			isa = PBXNativeTarget;
			buildConfigurationList = 58EAEE4A2672CE2C00C56A9A /* Build configuration list for PBXNativeTarget "usingCharts" */;
			buildPhases = (
				58EAEE322672CE2B00C56A9A /* Sources */,
				58EAEE332672CE2B00C56A9A /* Frameworks */,
				58EAEE342672CE2B00C56A9A /* Resources */,
			);
			buildRules = (
			);
			dependencies = (
			);
			name = usingCharts;
			productName = usingCharts;
			productReference = 58EAEE362672CE2B00C56A9A /* usingCharts.app */;
			productType = "com.apple.product-type.application";
		};
/* End PBXNativeTarget section */

/* Begin PBXProject section */
		58EAEE2E2672CE2B00C56A9A /* Project object */ = {
			isa = PBXProject;
			attributes = {
				LastSwiftUpdateCheck = 1250;
				LastUpgradeCheck = 1250;
				TargetAttributes = {
					58EAEE352672CE2B00C56A9A = {
						CreatedOnToolsVersion = 12.5;
					};
				};
			};
			buildConfigurationList = 58EAEE312672CE2B00C56A9A /* Build configuration list for PBXProject "usingCharts" */;
			compatibilityVersion = "Xcode 9.3";
			developmentRegion = en;
			hasScannedForEncodings = 0;
			knownRegions = (
				en,
				Base,
			);
			mainGroup = 58EAEE2D2672CE2B00C56A9A;
			productRefGroup = 58EAEE372672CE2B00C56A9A /* Products */;
			projectDirPath = "";
			projectRoot = "";
			targets = (
				58EAEE352672CE2B00C56A9A /* usingCharts */,
			);
		};
/* End PBXProject section */

/* Begin PBXResourcesBuildPhase section */
		58EAEE342672CE2B00C56A9A /* Resources */ = {
			isa = PBXResourcesBuildPhase;
			buildActionMask = 2147483647;
			files = (
				58EAEE462672CE2C00C56A9A /* LaunchScreen.storyboard in Resources */,
				58EAEE432672CE2C00C56A9A /* Assets.xcassets in Resources */,
				58EAEE412672CE2B00C56A9A /* Main.storyboard in Resources */,
			);
			runOnlyForDeploymentPostprocessing = 0;
		};
/* End PBXResourcesBuildPhase section */

/* Begin PBXSourcesBuildPhase section */
		58EAEE322672CE2B00C56A9A /* Sources */ = {
			isa = PBXSourcesBuildPhase;
			buildActionMask = 2147483647;
			files = (
				58EAEE3E2672CE2B00C56A9A /* ViewController.swift in Sources */,
				58EAEE3A2672CE2B00C56A9A /* AppDelegate.swift in Sources */,
				58EAEE3C2672CE2B00C56A9A /* SceneDelegate.swift in Sources */,
			);
			runOnlyForDeploymentPostprocessing = 0;
		};
/* End PBXSourcesBuildPhase section */

/* Begin PBXVariantGroup section */
		58EAEE3F2672CE2B00C56A9A /* Main.storyboard */ = {
			isa = PBXVariantGroup;
			children = (
				58EAEE402672CE2B00C56A9A /* Base */,
			);
			name = Main.storyboard;
			sourceTree = "<group>";
		};
		58EAEE442672CE2C00C56A9A /* LaunchScreen.storyboard */ = {
			isa = PBXVariantGroup;
			children = (
				58EAEE452672CE2C00C56A9A /* Base */,
			);
			name = LaunchScreen.storyboard;
			sourceTree = "<group>";
		};
/* End PBXVariantGroup section */

/* Begin XCBuildConfiguration section */
		58EAEE482672CE2C00C56A9A /* Debug */ = {
			isa = XCBuildConfiguration;
			buildSettings = {
				ALWAYS_SEARCH_USER_PATHS = NO;
				CLANG_ANALYZER_NONNULL = YES;
				CLANG_ANALYZER_NUMBER_OBJECT_CONVERSION = YES_AGGRESSIVE;
				CLANG_CXX_LANGUAGE_STANDARD = "gnu++14";
				CLANG_CXX_LIBRARY = "libc++";
				CLANG_ENABLE_MODULES = YES;
				CLANG_ENABLE_OBJC_ARC = YES;
				CLANG_ENABLE_OBJC_WEAK = YES;
				CLANG_WARN_BLOCK_CAPTURE_AUTORELEASING = YES;
				CLANG_WARN_BOOL_CONVERSION = YES;
				CLANG_WARN_COMMA = YES;
				CLANG_WARN_CONSTANT_CONVERSION = YES;
				CLANG_WARN_DEPRECATED_OBJC_IMPLEMENTATIONS = YES;
				CLANG_WARN_DIRECT_OBJC_ISA_USAGE = YES_ERROR;
				CLANG_WARN_DOCUMENTATION_COMMENTS = YES;
				CLANG_WARN_EMPTY_BODY = YES;
				CLANG_WARN_ENUM_CONVERSION = YES;
				CLANG_WARN_INFINITE_RECURSION = YES;
				CLANG_WARN_INT_CONVERSION = YES;
				CLANG_WARN_NON_LITERAL_NULL_CONVERSION = YES;
				CLANG_WARN_OBJC_IMPLICIT_RETAIN_SELF = YES;
				CLANG_WARN_OBJC_LITERAL_CONVERSION = YES;
				CLANG_WARN_OBJC_ROOT_CLASS = YES_ERROR;
				CLANG_WARN_QUOTED_INCLUDE_IN_FRAMEWORK_HEADER = YES;
				CLANG_WARN_RANGE_LOOP_ANALYSIS = YES;
				CLANG_WARN_STRICT_PROTOTYPES = YES;
				CLANG_WARN_SUSPICIOUS_MOVE = YES;
				CLANG_WARN_UNGUARDED_AVAILABILITY = YES_AGGRESSIVE;
				CLANG_WARN_UNREACHABLE_CODE = YES;
				CLANG_WARN__DUPLICATE_METHOD_MATCH = YES;
				COPY_PHASE_STRIP = NO;
				DEBUG_INFORMATION_FORMAT = dwarf;
				ENABLE_STRICT_OBJC_MSGSEND = YES;
				ENABLE_TESTABILITY = YES;
				GCC_C_LANGUAGE_STANDARD = gnu11;
				GCC_DYNAMIC_NO_PIC = NO;
				GCC_NO_COMMON_BLOCKS = YES;
				GCC_OPTIMIZATION_LEVEL = 0;
				GCC_PREPROCESSOR_DEFINITIONS = (
					"DEBUG=1",
					"$(inherited)",
				);
				GCC_WARN_64_TO_32_BIT_CONVERSION = YES;
				GCC_WARN_ABOUT_RETURN_TYPE = YES_ERROR;
				GCC_WARN_UNDECLARED_SELECTOR = YES;
				GCC_WARN_UNINITIALIZED_AUTOS = YES_AGGRESSIVE;
				GCC_WARN_UNUSED_FUNCTION = YES;
				GCC_WARN_UNUSED_VARIABLE = YES;
				IPHONEOS_DEPLOYMENT_TARGET = 14.5;
				MTL_ENABLE_DEBUG_INFO = INCLUDE_SOURCE;
				MTL_FAST_MATH = YES;
				ONLY_ACTIVE_ARCH = YES;
				SDKROOT = iphoneos;
				SWIFT_ACTIVE_COMPILATION_CONDITIONS = DEBUG;
				SWIFT_OPTIMIZATION_LEVEL = "-Onone";
			};
			name = Debug;
		};
		58EAEE492672CE2C00C56A9A /* Release */ = {
			isa = XCBuildConfiguration;
			buildSettings = {
				ALWAYS_SEARCH_USER_PATHS = NO;
				CLANG_ANALYZER_NONNULL = YES;
				CLANG_ANALYZER_NUMBER_OBJECT_CONVERSION = YES_AGGRESSIVE;
				CLANG_CXX_LANGUAGE_STANDARD = "gnu++14";
				CLANG_CXX_LIBRARY = "libc++";
				CLANG_ENABLE_MODULES = YES;
				CLANG_ENABLE_OBJC_ARC = YES;
				CLANG_ENABLE_OBJC_WEAK = YES;
				CLANG_WARN_BLOCK_CAPTURE_AUTORELEASING = YES;
				CLANG_WARN_BOOL_CONVERSION = YES;
				CLANG_WARN_COMMA = YES;
				CLANG_WARN_CONSTANT_CONVERSION = YES;
				CLANG_WARN_DEPRECATED_OBJC_IMPLEMENTATIONS = YES;
				CLANG_WARN_DIRECT_OBJC_ISA_USAGE = YES_ERROR;
				CLANG_WARN_DOCUMENTATION_COMMENTS = YES;
				CLANG_WARN_EMPTY_BODY = YES;
				CLANG_WARN_ENUM_CONVERSION = YES;
				CLANG_WARN_INFINITE_RECURSION = YES;
				CLANG_WARN_INT_CONVERSION = YES;
				CLANG_WARN_NON_LITERAL_NULL_CONVERSION = YES;
				CLANG_WARN_OBJC_IMPLICIT_RETAIN_SELF = YES;
				CLANG_WARN_OBJC_LITERAL_CONVERSION = YES;
				CLANG_WARN_OBJC_ROOT_CLASS = YES_ERROR;
				CLANG_WARN_QUOTED_INCLUDE_IN_FRAMEWORK_HEADER = YES;
				CLANG_WARN_RANGE_LOOP_ANALYSIS = YES;
				CLANG_WARN_STRICT_PROTOTYPES = YES;
				CLANG_WARN_SUSPICIOUS_MOVE = YES;
				CLANG_WARN_UNGUARDED_AVAILABILITY = YES_AGGRESSIVE;
				CLANG_WARN_UNREACHABLE_CODE = YES;
				CLANG_WARN__DUPLICATE_METHOD_MATCH = YES;
				COPY_PHASE_STRIP = NO;
				DEBUG_INFORMATION_FORMAT = "dwarf-with-dsym";
				ENABLE_NS_ASSERTIONS = NO;
				ENABLE_STRICT_OBJC_MSGSEND = YES;
				GCC_C_LANGUAGE_STANDARD = gnu11;
				GCC_NO_COMMON_BLOCKS = YES;
				GCC_WARN_64_TO_32_BIT_CONVERSION = YES;
				GCC_WARN_ABOUT_RETURN_TYPE = YES_ERROR;
				GCC_WARN_UNDECLARED_SELECTOR = YES;
				GCC_WARN_UNINITIALIZED_AUTOS = YES_AGGRESSIVE;
				GCC_WARN_UNUSED_FUNCTION = YES;
				GCC_WARN_UNUSED_VARIABLE = YES;
				IPHONEOS_DEPLOYMENT_TARGET = 14.5;
				MTL_ENABLE_DEBUG_INFO = NO;
				MTL_FAST_MATH = YES;
				SDKROOT = iphoneos;
				SWIFT_COMPILATION_MODE = wholemodule;
				SWIFT_OPTIMIZATION_LEVEL = "-O";
				VALIDATE_PRODUCT = YES;
			};
			name = Release;
		};
		58EAEE4B2672CE2C00C56A9A /* Debug */ = {
			isa = XCBuildConfiguration;
			buildSettings = {
				ASSETCATALOG_COMPILER_APPICON_NAME = AppIcon;
				ASSETCATALOG_COMPILER_GLOBAL_ACCENT_COLOR_NAME = AccentColor;
				CODE_SIGN_STYLE = Automatic;
				DEVELOPMENT_TEAM = 6JFB3596NY;
				INFOPLIST_FILE = usingCharts/Info.plist;
				LD_RUNPATH_SEARCH_PATHS = (
					"$(inherited)",
					"@executable_path/Frameworks",
				);
				PRODUCT_BUNDLE_IDENTIFIER = com.shiv.usingCharts;
				PRODUCT_NAME = "$(TARGET_NAME)";
				SWIFT_VERSION = 5.0;
				TARGETED_DEVICE_FAMILY = "1,2";
			};
			name = Debug;
		};
		58EAEE4C2672CE2C00C56A9A /* Release */ = {
			isa = XCBuildConfiguration;
			buildSettings = {
				ASSETCATALOG_COMPILER_APPICON_NAME = AppIcon;
				ASSETCATALOG_COMPILER_GLOBAL_ACCENT_COLOR_NAME = AccentColor;
				CODE_SIGN_STYLE = Automatic;
				DEVELOPMENT_TEAM = 6JFB3596NY;
				INFOPLIST_FILE = usingCharts/Info.plist;
				LD_RUNPATH_SEARCH_PATHS = (
					"$(inherited)",
					"@executable_path/Frameworks",
				);
				PRODUCT_BUNDLE_IDENTIFIER = com.shiv.usingCharts;
				PRODUCT_NAME = "$(TARGET_NAME)";
				SWIFT_VERSION = 5.0;
				TARGETED_DEVICE_FAMILY = "1,2";
			};
			name = Release;
		};
/* End XCBuildConfiguration section */

/* Begin XCConfigurationList section */
		58EAEE312672CE2B00C56A9A /* Build configuration list for PBXProject "usingCharts" */ = {
			isa = XCConfigurationList;
			buildConfigurations = (
				58EAEE482672CE2C00C56A9A /* Debug */,
				58EAEE492672CE2C00C56A9A /* Release */,
			);
			defaultConfigurationIsVisible = 0;
			defaultConfigurationName = Release;
		};
		58EAEE4A2672CE2C00C56A9A /* Build configuration list for PBXNativeTarget "usingCharts" */ = {
			isa = XCConfigurationList;
			buildConfigurations = (
				58EAEE4B2672CE2C00C56A9A /* Debug */,
				58EAEE4C2672CE2C00C56A9A /* Release */,
			);
			defaultConfigurationIsVisible = 0;
			defaultConfigurationName = Release;
		};
/* End XCConfigurationList section */
	};
	rootObject = 58EAEE2E2672CE2B00C56A9A /* Project object */;
}
